
Microsoft Visual Studio Solution File, Format Version 12.00
# Visual Studio Version 17
VisualStudioVersion = 17.12.35527.113
MinimumVisualStudioVersion = 10.0.40219.1
Project("{FAE04EC0-301F-11D3-BF4B-00C04F79EFBC}") = "abtest_XAFTemplateGallery.Module", "abtest_XAFTemplateGallery.Module\abtest_XAFTemplateGallery.Module.csproj", "{3A729CD7-D734-4DC5-9B74-9C8218076024}"
EndProject
Project("{FAE04EC0-301F-11D3-BF4B-00C04F79EFBC}") = "abtest_XAFTemplateGallery.Blazor.Server", "abtest_XAFTemplateGallery.Blazor.Server\abtest_XAFTemplateGallery.Blazor.Server.csproj", "{1404D92D-98B7-4B3E-BBCB-D6E74E7CD2B1}"
EndProject
Project("{FAE04EC0-301F-11D3-BF4B-00C04F79EFBC}") = "abtest_XAFTemplateGallery.E2E.Tests", "abtest_XAFTemplateGallery.E2E.Tests\abtest_XAFTemplateGallery.E2E.Tests.csproj", "{A0A96756-6419-4347-BF3B-646BF19AF977}"
EndProject
Project("{E53339B2-1760-4266-BCC7-CA923CBCF16C}") = "docker-compose", "docker-compose.dcproj", "{6AC2551A-44CF-4ED1-8020-A78072C64FD0}"
EndProject
Global
	GlobalSection(SolutionConfigurationPlatforms) = preSolution
		Debug|Any CPU = Debug|Any CPU
		EasyTest|Any CPU = EasyTest|Any CPU
		Release|Any CPU = Release|Any CPU
	EndGlobalSection
	GlobalSection(ProjectConfigurationPlatforms) = postSolution
		{3A729CD7-D734-4DC5-9B74-9C8218076024}.Debug|Any CPU.ActiveCfg = Debug|Any CPU
		{3A729CD7-D734-4DC5-9B74-9C8218076024}.Debug|Any CPU.Build.0 = Debug|Any CPU
		{3A729CD7-D734-4DC5-9B74-9C8218076024}.EasyTest|Any CPU.ActiveCfg = EasyTest|Any CPU
		{3A729CD7-D734-4DC5-9B74-9C8218076024}.EasyTest|Any CPU.Build.0 = EasyTest|Any CPU
		{3A729CD7-D734-4DC5-9B74-9C8218076024}.Release|Any CPU.ActiveCfg = Release|Any CPU
		{3A729CD7-D734-4DC5-9B74-9C8218076024}.Release|Any CPU.Build.0 = Release|Any CPU
		{1404D92D-98B7-4B3E-BBCB-D6E74E7CD2B1}.Debug|Any CPU.ActiveCfg = Debug|Any CPU
		{1404D92D-98B7-4B3E-BBCB-D6E74E7CD2B1}.Debug|Any CPU.Build.0 = Debug|Any CPU
		{1404D92D-98B7-4B3E-BBCB-D6E74E7CD2B1}.EasyTest|Any CPU.ActiveCfg = EasyTest|Any CPU
		{1404D92D-98B7-4B3E-BBCB-D6E74E7CD2B1}.EasyTest|Any CPU.Build.0 = EasyTest|Any CPU
		{1404D92D-98B7-4B3E-BBCB-D6E74E7CD2B1}.Release|Any CPU.ActiveCfg = Release|Any CPU
		{1404D92D-98B7-4B3E-BBCB-D6E74E7CD2B1}.Release|Any CPU.Build.0 = Release|Any CPU
		{A0A96756-6419-4347-BF3B-646BF19AF977}.Debug|Any CPU.ActiveCfg = Debug|Any CPU
		{A0A96756-6419-4347-BF3B-646BF19AF977}.Debug|Any CPU.Build.0 = Debug|Any CPU
		{A0A96756-6419-4347-BF3B-646BF19AF977}.EasyTest|Any CPU.ActiveCfg = EasyTest|Any CPU
		{A0A96756-6419-4347-BF3B-646BF19AF977}.EasyTest|Any CPU.Build.0 = EasyTest|Any CPU
		{A0A96756-6419-4347-BF3B-646BF19AF977}.Release|Any CPU.ActiveCfg = Release|Any CPU
		{A0A96756-6419-4347-BF3B-646BF19AF977}.Release|Any CPU.Build.0 = Release|Any CPU
		{6AC2551A-44CF-4ED1-8020-A78072C64FD0}.Debug|Any CPU.ActiveCfg = Debug|Any CPU
		{6AC2551A-44CF-4ED1-8020-A78072C64FD0}.Debug|Any CPU.Build.0 = Debug|Any CPU
		{6AC2551A-44CF-4ED1-8020-A78072C64FD0}.EasyTest|Any CPU.ActiveCfg = Release|Any CPU
		{6AC2551A-44CF-4ED1-8020-A78072C64FD0}.EasyTest|Any CPU.Build.0 = Release|Any CPU
		{6AC2551A-44CF-4ED1-8020-A78072C64FD0}.Release|Any CPU.ActiveCfg = Release|Any CPU
		{6AC2551A-44CF-4ED1-8020-A78072C64FD0}.Release|Any CPU.Build.0 = Release|Any CPU
	EndGlobalSection
	GlobalSection(SolutionProperties) = preSolution
		HideSolutionNode = FALSE
	EndGlobalSection
EndGlobal
