
Microsoft Visual Studio Solution File, Format Version 12.00
# Visual Studio Version 17
VisualStudioVersion = 17.8.34330.188
MinimumVisualStudioVersion = 10.0.40219.1
Project("{FAE04EC0-301F-11D3-BF4B-00C04F79EFBC}") = "dotnetcore-www", "dotnetcore-www.csproj", "{3CBE4D57-B00D-4271-B1F3-83FF3ED54C5C}"
EndProject
Global
	GlobalSection(SolutionConfigurationPlatforms) = preSolution
		Debug|Any CPU = Debug|Any CPU
		Release|Any CPU = Release|Any CPU
	EndGlobalSection
	GlobalSection(ProjectConfigurationPlatforms) = postSolution
		{3CBE4D57-B00D-4271-B1F3-83FF3ED54C5C}.Debug|Any CPU.ActiveCfg = Debug|Any CPU
		{3CBE4D57-B00D-4271-B1F3-83FF3ED54C5C}.Debug|Any CPU.Build.0 = Debug|Any CPU
		{3CBE4D57-B00D-4271-B1F3-83FF3ED54C5C}.Release|Any CPU.ActiveCfg = Release|Any CPU
		{3CBE4D57-B00D-4271-B1F3-83FF3ED54C5C}.Release|Any CPU.Build.0 = Release|Any CPU
	EndGlobalSection
	GlobalSection(SolutionProperties) = preSolution
		HideSolutionNode = FALSE
	EndGlobalSection
	GlobalSection(ExtensibilityGlobals) = postSolution
		SolutionGuid = {E5E90D10-C032-499A-B23E-A3013D80555D}
	EndGlobalSection
EndGlobal
