
Microsoft Visual Studio Solution File, Format Version 12.00
# Visual Studio Version 16
VisualStudioVersion = 16.0.33529.622
MinimumVisualStudioVersion = 10.0.40219.1
Project("{FAE04EC0-301F-11D3-BF4B-00C04F79EFBC}") = "dotnet-www", "dotnet-www.csproj", "{E3BC7077-580C-4D06-8C2D-4B1CBE4A0C45}"
EndProject
Project("{FAE04EC0-301F-11D3-BF4B-00C04F79EFBC}") = "dotnet-www.Tests", "..\dotnet-www.Tests\dotnet-www.Tests.csproj", "{41BB29BC-0F3A-46E3-8D7F-A5BD43222B71}"
EndProject
Global
	GlobalSection(SolutionConfigurationPlatforms) = preSolution
		Debug|Any CPU = Debug|Any CPU
		Release|Any CPU = Release|Any CPU
	EndGlobalSection
	GlobalSection(ProjectConfigurationPlatforms) = postSolution
		{E3BC7077-580C-4D06-8C2D-4B1CBE4A0C45}.Debug|Any CPU.ActiveCfg = Debug|Any CPU
		{E3BC7077-580C-4D06-8C2D-4B1CBE4A0C45}.Debug|Any CPU.Build.0 = Debug|Any CPU
		{E3BC7077-580C-4D06-8C2D-4B1CBE4A0C45}.Release|Any CPU.ActiveCfg = Release|Any CPU
		{E3BC7077-580C-4D06-8C2D-4B1CBE4A0C45}.Release|Any CPU.Build.0 = Release|Any CPU
		{41BB29BC-0F3A-46E3-8D7F-A5BD43222B71}.Debug|Any CPU.ActiveCfg = Debug|Any CPU
		{41BB29BC-0F3A-46E3-8D7F-A5BD43222B71}.Debug|Any CPU.Build.0 = Debug|Any CPU
		{41BB29BC-0F3A-46E3-8D7F-A5BD43222B71}.Release|Any CPU.ActiveCfg = Release|Any CPU
		{41BB29BC-0F3A-46E3-8D7F-A5BD43222B71}.Release|Any CPU.Build.0 = Release|Any CPU
	EndGlobalSection
	GlobalSection(SolutionProperties) = preSolution
		HideSolutionNode = FALSE
	EndGlobalSection
	GlobalSection(ExtensibilityGlobals) = postSolution
		SolutionGuid = {4C6A952B-E449-4D73-9B90-113FAB03697C}
	EndGlobalSection
EndGlobal
